Microsoft Visual Studio Solution File, Format Version 8.00
Project("{8BC9CEB8-8B4A-11D0-8D11-00A0C91BC942}") = "OOP_01", "OOP_01.vcproj", "{DCE60619-3649-42B3-A8DB-8A9CA15CED87}"
	ProjectSection(ProjectDependencies) = postProject
	EndProjectSection
EndProject
Global
	GlobalSection(SolutionConfiguration) = preSolution
		Debug = Debug
		Release = Release
	EndGlobalSection
	GlobalSection(ProjectConfiguration) = postSolution
		{DCE60619-3649-42B3-A8DB-8A9CA15CED87}.Debug.ActiveCfg = Debug|Win32
		{DCE60619-3649-42B3-A8DB-8A9CA15CED87}.Debug.Build.0 = Debug|Win32
		{DCE60619-3649-42B3-A8DB-8A9CA15CED87}.Release.ActiveCfg = Release|Win32
		{DCE60619-3649-42B3-A8DB-8A9CA15CED87}.Release.Build.0 = Release|Win32
	EndGlobalSection
	GlobalSection(ExtensibilityGlobals) = postSolution
	EndGlobalSection
	GlobalSection(ExtensibilityAddIns) = postSolution
	EndGlobalSection
EndGlobal
